// !$*UTF8*$!
{
	archiveVersion = 1;
	classes = {
	};
	objectVersion = 46;
	objects = {

/* Begin PBXBuildFile section */
		303F1B8E1982B291006E29E0 /* AppDelegate.swift in Sources */ = {isa = PBXBuildFile; fileRef = 303F1B8D1982B291006E29E0 /* AppDelegate.swift */; };
		303F1B901982B291006E29E0 /* ViewController.swift in Sources */ = {isa = PBXBuildFile; fileRef = 303F1B8F1982B291006E29E0 /* ViewController.swift */; };
		303F1B931982B291006E29E0 /* Main.storyboard in Resources */ = {isa = PBXBuildFile; fileRef = 303F1B911982B291006E29E0 /* Main.storyboard */; };
		303F1B951982B291006E29E0 /* Images.xcassets in Resources */ = {isa = PBXBuildFile; fileRef = 303F1B941982B291006E29E0 /* Images.xcassets */; };
		303F1BA11982B291006E29E0 /* R_langaTests.swift in Sources */ = {isa = PBXBuildFile; fileRef = 303F1BA01982B291006E29E0 /* R_langaTests.swift */; };
/* End PBXBuildFile section */

/* Begin PBXContainerItemProxy section */
		303F1B9B1982B291006E29E0 /* PBXContainerItemProxy */ = {
			isa = PBXContainerItemProxy;
			containerPortal = 303F1B801982B291006E29E0 /* Project object */;
			proxyType = 1;
			remoteGlobalIDString = 303F1B871982B291006E29E0;
			remoteInfo = "R+langa";
		};
/* End PBXContainerItemProxy section */

/* Begin PBXFileReference section */
		303F1B881982B291006E29E0 /* R+langa.app */ = {isa = PBXFileReference; explicitFileType = wrapper.application; includeInIndex = 0; path = "R+langa.app"; sourceTree = BUILT_PRODUCTS_DIR; };
		303F1B8C1982B291006E29E0 /* Info.plist */ = {isa = PBXFileReference; lastKnownFileType = text.plist.xml; path = Info.plist; sourceTree = "<group>"; };
		303F1B8D1982B291006E29E0 /* AppDelegate.swift */ = {isa = PBXFileReference; lastKnownFileType = sourcecode.swift; path = AppDelegate.swift; sourceTree = "<group>"; };
		303F1B8F1982B291006E29E0 /* ViewController.swift */ = {isa = PBXFileReference; lastKnownFileType = sourcecode.swift; path = ViewController.swift; sourceTree = "<group>"; };
		303F1B921982B291006E29E0 /* Base */ = {isa = PBXFileReference; lastKnownFileType = file.storyboard; name = Base; path = Base.lproj/Main.storyboard; sourceTree = "<group>"; };
		303F1B941982B291006E29E0 /* Images.xcassets */ = {isa = PBXFileReference; lastKnownFileType = folder.assetcatalog; path = Images.xcassets; sourceTree = "<group>"; };
		303F1B9A1982B291006E29E0 /* R+langaTests.xctest */ = {isa = PBXFileReference; explicitFileType = wrapper.cfbundle; includeInIndex = 0; path = "R+langaTests.xctest"; sourceTree = BUILT_PRODUCTS_DIR; };
		303F1B9F1982B291006E29E0 /* Info.plist */ = {isa = PBXFileReference; lastKnownFileType = text.plist.xml; path = Info.plist; sourceTree = "<group>"; };
		303F1BA01982B291006E29E0 /* R_langaTests.swift */ = {isa = PBXFileReference; lastKnownFileType = sourcecode.swift; path = R_langaTests.swift; sourceTree = "<group>"; };
/* End PBXFileReference section */

/* Begin PBXFrameworksBuildPhase section */
		303F1B851982B291006E29E0 /* Frameworks */ = {
			isa = PBXFrameworksBuildPhase;
			buildActionMask = 2147483647;
			files = (
			);
			runOnlyForDeploymentPostprocessing = 0;
		};
		303F1B971982B291006E29E0 /* Frameworks */ = {
			isa = PBXFrameworksBuildPhase;
			buildActionMask = 2147483647;
			files = (
			);
			runOnlyForDeploymentPostprocessing = 0;
		};
/* End PBXFrameworksBuildPhase section */

/* Begin PBXGroup section */
		303F1B7F1982B290006E29E0 = {
			isa = PBXGroup;
			children = (
				303F1B8A1982B291006E29E0 /* R+langa */,
				303F1B9D1982B291006E29E0 /* R+langaTests */,
				303F1B891982B291006E29E0 /* Products */,
			);
			sourceTree = "<group>";
		};
		303F1B891982B291006E29E0 /* Products */ = {
			isa = PBXGroup;
			children = (
				303F1B881982B291006E29E0 /* R+langa.app */,
				303F1B9A1982B291006E29E0 /* R+langaTests.xctest */,
			);
			name = Products;
			sourceTree = "<group>";
		};
		303F1B8A1982B291006E29E0 /* R+langa */ = {
			isa = PBXGroup;
			children = (
				303F1B8D1982B291006E29E0 /* AppDelegate.swift */,
				303F1B8F1982B291006E29E0 /* ViewController.swift */,
				303F1B911982B291006E29E0 /* Main.storyboard */,
				303F1B941982B291006E29E0 /* Images.xcassets */,
				303F1B8B1982B291006E29E0 /* Supporting Files */,
			);
			path = "R+langa";
			sourceTree = "<group>";
		};
		303F1B8B1982B291006E29E0 /* Supporting Files */ = {
			isa = PBXGroup;
			children = (
				303F1B8C1982B291006E29E0 /* Info.plist */,
			);
			name = "Supporting Files";
			sourceTree = "<group>";
		};
		303F1B9D1982B291006E29E0 /* R+langaTests */ = {
			isa = PBXGroup;
			children = (
				303F1BA01982B291006E29E0 /* R_langaTests.swift */,
				303F1B9E1982B291006E29E0 /* Supporting Files */,
			);
			path = "R+langaTests";
			sourceTree = "<group>";
		};
		303F1B9E1982B291006E29E0 /* Supporting Files */ = {
			isa = PBXGroup;
			children = (
				303F1B9F1982B291006E29E0 /* Info.plist */,
			);
			name = "Supporting Files";
			sourceTree = "<group>";
		};
/* End PBXGroup section */

/* Begin PBXNativeTarget section */
		303F1B871982B291006E29E0 /* R+langa */ = {
			isa = PBXNativeTarget;
			buildConfigurationList = 303F1BA41982B291006E29E0 /* Build configuration list for PBXNativeTarget "R+langa" */;
			buildPhases = (
				303F1B841982B291006E29E0 /* Sources */,
				303F1B851982B291006E29E0 /* Frameworks */,
				303F1B861982B291006E29E0 /* Resources */,
			);
			buildRules = (
			);
			dependencies = (
			);
			name = "R+langa";
			productName = "R+langa";
			productReference = 303F1B881982B291006E29E0 /* R+langa.app */;
			productType = "com.apple.product-type.application";
		};
		303F1B991982B291006E29E0 /* R+langaTests */ = {
			isa = PBXNativeTarget;
			buildConfigurationList = 303F1BA71982B291006E29E0 /* Build configuration list for PBXNativeTarget "R+langaTests" */;
			buildPhases = (
				303F1B961982B291006E29E0 /* Sources */,
				303F1B971982B291006E29E0 /* Frameworks */,
				303F1B981982B291006E29E0 /* Resources */,
			);
			buildRules = (
			);
			dependencies = (
				303F1B9C1982B291006E29E0 /* PBXTargetDependency */,
			);
			name = "R+langaTests";
			productName = "R+langaTests";
			productReference = 303F1B9A1982B291006E29E0 /* R+langaTests.xctest */;
			productType = "com.apple.product-type.bundle.unit-test";
		};
/* End PBXNativeTarget section */

/* Begin PBXProject section */
		303F1B801982B291006E29E0 /* Project object */ = {
			isa = PBXProject;
			attributes = {
				LastUpgradeCheck = 0600;
				ORGANIZATIONNAME = sm1835dh;
				TargetAttributes = {
					303F1B871982B291006E29E0 = {
						CreatedOnToolsVersion = 6.0;
					};
					303F1B991982B291006E29E0 = {
						CreatedOnToolsVersion = 6.0;
						TestTargetID = 303F1B871982B291006E29E0;
					};
				};
			};
			buildConfigurationList = 303F1B831982B291006E29E0 /* Build configuration list for PBXProject "R+langa" */;
			compatibilityVersion = "Xcode 3.2";
			developmentRegion = English;
			hasScannedForEncodings = 0;
			knownRegions = (
				en,
				Base,
			);
			mainGroup = 303F1B7F1982B290006E29E0;
			productRefGroup = 303F1B891982B291006E29E0 /* Products */;
			projectDirPath = "";
			projectRoot = "";
			targets = (
				303F1B871982B291006E29E0 /* R+langa */,
				303F1B991982B291006E29E0 /* R+langaTests */,
			);
		};
/* End PBXProject section */

/* Begin PBXResourcesBuildPhase section */
		303F1B861982B291006E29E0 /* Resources */ = {
			isa = PBXResourcesBuildPhase;
			buildActionMask = 2147483647;
			files = (
				303F1B931982B291006E29E0 /* Main.storyboard in Resources */,
				303F1B951982B291006E29E0 /* Images.xcassets in Resources */,
			);
			runOnlyForDeploymentPostprocessing = 0;
		};
		303F1B981982B291006E29E0 /* Resources */ = {
			isa = PBXResourcesBuildPhase;
			buildActionMask = 2147483647;
			files = (
			);
			runOnlyForDeploymentPostprocessing = 0;
		};
/* End PBXResourcesBuildPhase section */

/* Begin PBXSourcesBuildPhase section */
		303F1B841982B291006E29E0 /* Sources */ = {
			isa = PBXSourcesBuildPhase;
			buildActionMask = 2147483647;
			files = (
				303F1B901982B291006E29E0 /* ViewController.swift in Sources */,
				303F1B8E1982B291006E29E0 /* AppDelegate.swift in Sources */,
			);
			runOnlyForDeploymentPostprocessing = 0;
		};
		303F1B961982B291006E29E0 /* Sources */ = {
			isa = PBXSourcesBuildPhase;
			buildActionMask = 2147483647;
			files = (
				303F1BA11982B291006E29E0 /* R_langaTests.swift in Sources */,
			);
			runOnlyForDeploymentPostprocessing = 0;
		};
/* End PBXSourcesBuildPhase section */

/* Begin PBXTargetDependency section */
		303F1B9C1982B291006E29E0 /* PBXTargetDependency */ = {
			isa = PBXTargetDependency;
			target = 303F1B871982B291006E29E0 /* R+langa */;
			targetProxy = 303F1B9B1982B291006E29E0 /* PBXContainerItemProxy */;
		};
/* End PBXTargetDependency section */

/* Begin PBXVariantGroup section */
		303F1B911982B291006E29E0 /* Main.storyboard */ = {
			isa = PBXVariantGroup;
			children = (
				303F1B921982B291006E29E0 /* Base */,
			);
			name = Main.storyboard;
			sourceTree = "<group>";
		};
/* End PBXVariantGroup section */

/* Begin XCBuildConfiguration section */
		303F1BA21982B291006E29E0 /* Debug */ = {
			isa = XCBuildConfiguration;
			buildSettings = {
				ALWAYS_SEARCH_USER_PATHS = NO;
				CLANG_CXX_LANGUAGE_STANDARD = "gnu++0x";
				CLANG_CXX_LIBRARY = "libc++";
				CLANG_ENABLE_MODULES = YES;
				CLANG_ENABLE_OBJC_ARC = YES;
				CLANG_WARN_BOOL_CONVERSION = YES;
				CLANG_WARN_CONSTANT_CONVERSION = YES;
				CLANG_WARN_DIRECT_OBJC_ISA_USAGE = YES_ERROR;
				CLANG_WARN_EMPTY_BODY = YES;
				CLANG_WARN_ENUM_CONVERSION = YES;
				CLANG_WARN_INT_CONVERSION = YES;
				CLANG_WARN_OBJC_ROOT_CLASS = YES_ERROR;
				CLANG_WARN_UNREACHABLE_CODE = YES;
				CLANG_WARN__DUPLICATE_METHOD_MATCH = YES;
				"CODE_SIGN_IDENTITY[sdk=iphoneos*]" = "iPhone Developer";
				COPY_PHASE_STRIP = NO;
				ENABLE_STRICT_OBJC_MSGSEND = YES;
				GCC_C_LANGUAGE_STANDARD = gnu99;
				GCC_DYNAMIC_NO_PIC = NO;
				GCC_OPTIMIZATION_LEVEL = 0;
				GCC_PREPROCESSOR_DEFINITIONS = (
					"DEBUG=1",
					"$(inherited)",
				);
				GCC_SYMBOLS_PRIVATE_EXTERN = NO;
				GCC_WARN_64_TO_32_BIT_CONVERSION = YES;
				GCC_WARN_ABOUT_RETURN_TYPE = YES_ERROR;
				GCC_WARN_UNDECLARED_SELECTOR = YES;
				GCC_WARN_UNINITIALIZED_AUTOS = YES_AGGRESSIVE;
				GCC_WARN_UNUSED_FUNCTION = YES;
				GCC_WARN_UNUSED_VARIABLE = YES;
				IPHONEOS_DEPLOYMENT_TARGET = 8.0;
				MTL_ENABLE_DEBUG_INFO = YES;
				ONLY_ACTIVE_ARCH = YES;
				SDKROOT = iphoneos;
				SWIFT_OPTIMIZATION_LEVEL = "-Onone";
			};
			name = Debug;
		};
		303F1BA31982B291006E29E0 /* Release */ = {
			isa = XCBuildConfiguration;
			buildSettings = {
				ALWAYS_SEARCH_USER_PATHS = NO;
				CLANG_CXX_LANGUAGE_STANDARD = "gnu++0x";
				CLANG_CXX_LIBRARY = "libc++";
				CLANG_ENABLE_MODULES = YES;
				CLANG_ENABLE_OBJC_ARC = YES;
				CLANG_WARN_BOOL_CONVERSION = YES;
				CLANG_WARN_CONSTANT_CONVERSION = YES;
				CLANG_WARN_DIRECT_OBJC_ISA_USAGE = YES_ERROR;
				CLANG_WARN_EMPTY_BODY = YES;
				CLANG_WARN_ENUM_CONVERSION = YES;
				CLANG_WARN_INT_CONVERSION = YES;
				CLANG_WARN_OBJC_ROOT_CLASS = YES_ERROR;
				CLANG_WARN_UNREACHABLE_CODE = YES;
				CLANG_WARN__DUPLICATE_METHOD_MATCH = YES;
				"CODE_SIGN_IDENTITY[sdk=iphoneos*]" = "iPhone Developer";
				COPY_PHASE_STRIP = YES;
				ENABLE_NS_ASSERTIONS = NO;
				ENABLE_STRICT_OBJC_MSGSEND = YES;
				GCC_C_LANGUAGE_STANDARD = gnu99;
				GCC_WARN_64_TO_32_BIT_CONVERSION = YES;
				GCC_WARN_ABOUT_RETURN_TYPE = YES_ERROR;
				GCC_WARN_UNDECLARED_SELECTOR = YES;
				GCC_WARN_UNINITIALIZED_AUTOS = YES_AGGRESSIVE;
				GCC_WARN_UNUSED_FUNCTION = YES;
				GCC_WARN_UNUSED_VARIABLE = YES;
				IPHONEOS_DEPLOYMENT_TARGET = 8.0;
				MTL_ENABLE_DEBUG_INFO = NO;
				SDKROOT = iphoneos;
				VALIDATE_PRODUCT = YES;
			};
			name = Release;
		};
		303F1BA51982B291006E29E0 /* Debug */ = {
			isa = XCBuildConfiguration;
			buildSettings = {
				ASSETCATALOG_COMPILER_APPICON_NAME = AppIcon;
				ASSETCATALOG_COMPILER_LAUNCHIMAGE_NAME = LaunchImage;
				INFOPLIST_FILE = "R+langa/Info.plist";
				LD_RUNPATH_SEARCH_PATHS = "$(inherited) @executable_path/Frameworks";
				PRODUCT_NAME = "$(TARGET_NAME)";
			};
			name = Debug;
		};
		303F1BA61982B291006E29E0 /* Release */ = {
			isa = XCBuildConfiguration;
			buildSettings = {
				ASSETCATALOG_COMPILER_APPICON_NAME = AppIcon;
				ASSETCATALOG_COMPILER_LAUNCHIMAGE_NAME = LaunchImage;
				INFOPLIST_FILE = "R+langa/Info.plist";
				LD_RUNPATH_SEARCH_PATHS = "$(inherited) @executable_path/Frameworks";
				PRODUCT_NAME = "$(TARGET_NAME)";
			};
			name = Release;
		};
		303F1BA81982B291006E29E0 /* Debug */ = {
			isa = XCBuildConfiguration;
			buildSettings = {
				BUNDLE_LOADER = "$(BUILT_PRODUCTS_DIR)/R+langa.app/R+langa";
				FRAMEWORK_SEARCH_PATHS = (
					"$(SDKROOT)/Developer/Library/Frameworks",
					"$(inherited)",
				);
				GCC_PREPROCESSOR_DEFINITIONS = (
					"DEBUG=1",
					"$(inherited)",
				);
				INFOPLIST_FILE = "R+langaTests/Info.plist";
				LD_RUNPATH_SEARCH_PATHS = "$(inherited) @executable_path/Frameworks @loader_path/Frameworks";
				PRODUCT_NAME = "$(TARGET_NAME)";
				TEST_HOST = "$(BUNDLE_LOADER)";
			};
			name = Debug;
		};
		303F1BA91982B291006E29E0 /* Release */ = {
			isa = XCBuildConfiguration;
			buildSettings = {
				BUNDLE_LOADER = "$(BUILT_PRODUCTS_DIR)/R+langa.app/R+langa";
				FRAMEWORK_SEARCH_PATHS = (
					"$(SDKROOT)/Developer/Library/Frameworks",
					"$(inherited)",
				);
				INFOPLIST_FILE = "R+langaTests/Info.plist";
				LD_RUNPATH_SEARCH_PATHS = "$(inherited) @executable_path/Frameworks @loader_path/Frameworks";
				PRODUCT_NAME = "$(TARGET_NAME)";
				TEST_HOST = "$(BUNDLE_LOADER)";
			};
			name = Release;
		};
/* End XCBuildConfiguration section */

/* Begin XCConfigurationList section */
		303F1B831982B291006E29E0 /* Build configuration list for PBXProject "R+langa" */ = {
			isa = XCConfigurationList;
			buildConfigurations = (
				303F1BA21982B291006E29E0 /* Debug */,
				303F1BA31982B291006E29E0 /* Release */,
			);
			defaultConfigurationIsVisible = 0;
			defaultConfigurationName = Release;
		};
		303F1BA41982B291006E29E0 /* Build configuration list for PBXNativeTarget "R+langa" */ = {
			isa = XCConfigurationList;
			buildConfigurations = (
				303F1BA51982B291006E29E0 /* Debug */,
				303F1BA61982B291006E29E0 /* Release */,
			);
			defaultConfigurationIsVisible = 0;
		};
		303F1BA71982B291006E29E0 /* Build configuration list for PBXNativeTarget "R+langaTests" */ = {
			isa = XCConfigurationList;
			buildConfigurations = (
				303F1BA81982B291006E29E0 /* Debug */,
				303F1BA91982B291006E29E0 /* Release */,
			);
			defaultConfigurationIsVisible = 0;
		};
/* End XCConfigurationList section */
	};
	rootObject = 303F1B801982B291006E29E0 /* Project object */;
}
